// !$*UTF8*$!
{
	archiveVersion = 1;
	classes = {
	};
	objectVersion = 55;
	objects = {

/* Begin PBXBuildFile section */
		E8E27D5D2737D3D800609927 /* AppDelegate.m in Sources */ = {isa = PBXBuildFile; fileRef = E8E27D5C2737D3D800609927 /* AppDelegate.m */; };
		E8E27D602737D3D800609927 /* SceneDelegate.m in Sources */ = {isa = PBXBuildFile; fileRef = E8E27D5F2737D3D800609927 /* SceneDelegate.m */; };
		E8E27D632737D3D800609927 /* ViewController.m in Sources */ = {isa = PBXBuildFile; fileRef = E8E27D622737D3D800609927 /* ViewController.m */; };
		E8E27D662737D3D800609927 /* Main.storyboard in Resources */ = {isa = PBXBuildFile; fileRef = E8E27D642737D3D800609927 /* Main.storyboard */; };
		E8E27D692737D3D800609927 /* MoviesWithData.xcdatamodeld in Sources */ = {isa = PBXBuildFile; fileRef = E8E27D672737D3D800609927 /* MoviesWithData.xcdatamodeld */; };
		E8E27D6B2737D3DA00609927 /* Assets.xcassets in Resources */ = {isa = PBXBuildFile; fileRef = E8E27D6A2737D3DA00609927 /* Assets.xcassets */; };
		E8E27D6E2737D3DA00609927 /* LaunchScreen.storyboard in Resources */ = {isa = PBXBuildFile; fileRef = E8E27D6C2737D3DA00609927 /* LaunchScreen.storyboard */; };
		E8E27D712737D3DA00609927 /* main.m in Sources */ = {isa = PBXBuildFile; fileRef = E8E27D702737D3DA00609927 /* main.m */; };
		E8E27D7B2737D3DA00609927 /* MoviesWithDataTests.m in Sources */ = {isa = PBXBuildFile; fileRef = E8E27D7A2737D3DA00609927 /* MoviesWithDataTests.m */; };
		E8E27D852737D3DA00609927 /* MoviesWithDataUITests.m in Sources */ = {isa = PBXBuildFile; fileRef = E8E27D842737D3DA00609927 /* MoviesWithDataUITests.m */; };
		E8E27D872737D3DA00609927 /* MoviesWithDataUITestsLaunchTests.m in Sources */ = {isa = PBXBuildFile; fileRef = E8E27D862737D3DA00609927 /* MoviesWithDataUITestsLaunchTests.m */; };
/* End PBXBuildFile section */

/* Begin PBXContainerItemProxy section */
		E8E27D772737D3DA00609927 /* PBXContainerItemProxy */ = {
			isa = PBXContainerItemProxy;
			containerPortal = E8E27D502737D3D800609927 /* Project object */;
			proxyType = 1;
			remoteGlobalIDString = E8E27D572737D3D800609927;
			remoteInfo = MoviesWithData;
		};
		E8E27D812737D3DA00609927 /* PBXContainerItemProxy */ = {
			isa = PBXContainerItemProxy;
			containerPortal = E8E27D502737D3D800609927 /* Project object */;
			proxyType = 1;
			remoteGlobalIDString = E8E27D572737D3D800609927;
			remoteInfo = MoviesWithData;
		};
/* End PBXContainerItemProxy section */

/* Begin PBXFileReference section */
		E8E27D582737D3D800609927 /* MoviesWithData.app */ = {isa = PBXFileReference; explicitFileType = wrapper.application; includeInIndex = 0; path = MoviesWithData.app; sourceTree = BUILT_PRODUCTS_DIR; };
		E8E27D5B2737D3D800609927 /* AppDelegate.h */ = {isa = PBXFileReference; lastKnownFileType = sourcecode.c.h; path = AppDelegate.h; sourceTree = "<group>"; };
		E8E27D5C2737D3D800609927 /* AppDelegate.m */ = {isa = PBXFileReference; lastKnownFileType = sourcecode.c.objc; path = AppDelegate.m; sourceTree = "<group>"; };
		E8E27D5E2737D3D800609927 /* SceneDelegate.h */ = {isa = PBXFileReference; lastKnownFileType = sourcecode.c.h; path = SceneDelegate.h; sourceTree = "<group>"; };
		E8E27D5F2737D3D800609927 /* SceneDelegate.m */ = {isa = PBXFileReference; lastKnownFileType = sourcecode.c.objc; path = SceneDelegate.m; sourceTree = "<group>"; };
		E8E27D612737D3D800609927 /* ViewController.h */ = {isa = PBXFileReference; lastKnownFileType = sourcecode.c.h; path = ViewController.h; sourceTree = "<group>"; };
		E8E27D622737D3D800609927 /* ViewController.m */ = {isa = PBXFileReference; lastKnownFileType = sourcecode.c.objc; path = ViewController.m; sourceTree = "<group>"; };
		E8E27D652737D3D800609927 /* Base */ = {isa = PBXFileReference; lastKnownFileType = file.storyboard; name = Base; path = Base.lproj/Main.storyboard; sourceTree = "<group>"; };
		E8E27D682737D3D800609927 /* MoviesWithData.xcdatamodel */ = {isa = PBXFileReference; lastKnownFileType = wrapper.xcdatamodel; path = MoviesWithData.xcdatamodel; sourceTree = "<group>"; };
		E8E27D6A2737D3DA00609927 /* Assets.xcassets */ = {isa = PBXFileReference; lastKnownFileType = folder.assetcatalog; path = Assets.xcassets; sourceTree = "<group>"; };
		E8E27D6D2737D3DA00609927 /* Base */ = {isa = PBXFileReference; lastKnownFileType = file.storyboard; name = Base; path = Base.lproj/LaunchScreen.storyboard; sourceTree = "<group>"; };
		E8E27D6F2737D3DA00609927 /* Info.plist */ = {isa = PBXFileReference; lastKnownFileType = text.plist.xml; path = Info.plist; sourceTree = "<group>"; };
		E8E27D702737D3DA00609927 /* main.m */ = {isa = PBXFileReference; lastKnownFileType = sourcecode.c.objc; path = main.m; sourceTree = "<group>"; };
		E8E27D762737D3DA00609927 /* MoviesWithDataTests.xctest */ = {isa = PBXFileReference; explicitFileType = wrapper.cfbundle; includeInIndex = 0; path = MoviesWithDataTests.xctest; sourceTree = BUILT_PRODUCTS_DIR; };
		E8E27D7A2737D3DA00609927 /* MoviesWithDataTests.m */ = {isa = PBXFileReference; lastKnownFileType = sourcecode.c.objc; path = MoviesWithDataTests.m; sourceTree = "<group>"; };
		E8E27D802737D3DA00609927 /* MoviesWithDataUITests.xctest */ = {isa = PBXFileReference; explicitFileType = wrapper.cfbundle; includeInIndex = 0; path = MoviesWithDataUITests.xctest; sourceTree = BUILT_PRODUCTS_DIR; };
		E8E27D842737D3DA00609927 /* MoviesWithDataUITests.m */ = {isa = PBXFileReference; lastKnownFileType = sourcecode.c.objc; path = MoviesWithDataUITests.m; sourceTree = "<group>"; };
		E8E27D862737D3DA00609927 /* MoviesWithDataUITestsLaunchTests.m */ = {isa = PBXFileReference; lastKnownFileType = sourcecode.c.objc; path = MoviesWithDataUITestsLaunchTests.m; sourceTree = "<group>"; };
/* End PBXFileReference section */

/* Begin PBXFrameworksBuildPhase section */
		E8E27D552737D3D800609927 /* Frameworks */ = {
			isa = PBXFrameworksBuildPhase;
			buildActionMask = 2147483647;
			files = (
			);
			runOnlyForDeploymentPostprocessing = 0;
		};
		E8E27D732737D3DA00609927 /* Frameworks */ = {
			isa = PBXFrameworksBuildPhase;
			buildActionMask = 2147483647;
			files = (
			);
			runOnlyForDeploymentPostprocessing = 0;
		};
		E8E27D7D2737D3DA00609927 /* Frameworks */ = {
			isa = PBXFrameworksBuildPhase;
			buildActionMask = 2147483647;
			files = (
			);
			runOnlyForDeploymentPostprocessing = 0;
		};
/* End PBXFrameworksBuildPhase section */

/* Begin PBXGroup section */
		E8E27D4F2737D3D800609927 = {
			isa = PBXGroup;
			children = (
				E8E27D5A2737D3D800609927 /* MoviesWithData */,
				E8E27D792737D3DA00609927 /* MoviesWithDataTests */,
				E8E27D832737D3DA00609927 /* MoviesWithDataUITests */,
				E8E27D592737D3D800609927 /* Products */,
			);
			sourceTree = "<group>";
		};
		E8E27D592737D3D800609927 /* Products */ = {
			isa = PBXGroup;
			children = (
				E8E27D582737D3D800609927 /* MoviesWithData.app */,
				E8E27D762737D3DA00609927 /* MoviesWithDataTests.xctest */,
				E8E27D802737D3DA00609927 /* MoviesWithDataUITests.xctest */,
			);
			name = Products;
			sourceTree = "<group>";
		};
		E8E27D5A2737D3D800609927 /* MoviesWithData */ = {
			isa = PBXGroup;
			children = (
				E8E27D5B2737D3D800609927 /* AppDelegate.h */,
				E8E27D5C2737D3D800609927 /* AppDelegate.m */,
				E8E27D5E2737D3D800609927 /* SceneDelegate.h */,
				E8E27D5F2737D3D800609927 /* SceneDelegate.m */,
				E8E27D612737D3D800609927 /* ViewController.h */,
				E8E27D622737D3D800609927 /* ViewController.m */,
				E8E27D642737D3D800609927 /* Main.storyboard */,
				E8E27D6A2737D3DA00609927 /* Assets.xcassets */,
				E8E27D6C2737D3DA00609927 /* LaunchScreen.storyboard */,
				E8E27D6F2737D3DA00609927 /* Info.plist */,
				E8E27D702737D3DA00609927 /* main.m */,
				E8E27D672737D3D800609927 /* MoviesWithData.xcdatamodeld */,
			);
			path = MoviesWithData;
			sourceTree = "<group>";
		};
		E8E27D792737D3DA00609927 /* MoviesWithDataTests */ = {
			isa = PBXGroup;
			children = (
				E8E27D7A2737D3DA00609927 /* MoviesWithDataTests.m */,
			);
			path = MoviesWithDataTests;
			sourceTree = "<group>";
		};
		E8E27D832737D3DA00609927 /* MoviesWithDataUITests */ = {
			isa = PBXGroup;
			children = (
				E8E27D842737D3DA00609927 /* MoviesWithDataUITests.m */,
				E8E27D862737D3DA00609927 /* MoviesWithDataUITestsLaunchTests.m */,
			);
			path = MoviesWithDataUITests;
			sourceTree = "<group>";
		};
/* End PBXGroup section */

/* Begin PBXNativeTarget section */
		E8E27D572737D3D800609927 /* MoviesWithData */ = {
			isa = PBXNativeTarget;
			buildConfigurationList = E8E27D8A2737D3DA00609927 /* Build configuration list for PBXNativeTarget "MoviesWithData" */;
			buildPhases = (
				E8E27D542737D3D800609927 /* Sources */,
				E8E27D552737D3D800609927 /* Frameworks */,
				E8E27D562737D3D800609927 /* Resources */,
			);
			buildRules = (
			);
			dependencies = (
			);
			name = MoviesWithData;
			productName = MoviesWithData;
			productReference = E8E27D582737D3D800609927 /* MoviesWithData.app */;
			productType = "com.apple.product-type.application";
		};
		E8E27D752737D3DA00609927 /* MoviesWithDataTests */ = {
			isa = PBXNativeTarget;
			buildConfigurationList = E8E27D8D2737D3DA00609927 /* Build configuration list for PBXNativeTarget "MoviesWithDataTests" */;
			buildPhases = (
				E8E27D722737D3DA00609927 /* Sources */,
				E8E27D732737D3DA00609927 /* Frameworks */,
				E8E27D742737D3DA00609927 /* Resources */,
			);
			buildRules = (
			);
			dependencies = (
				E8E27D782737D3DA00609927 /* PBXTargetDependency */,
			);
			name = MoviesWithDataTests;
			productName = MoviesWithDataTests;
			productReference = E8E27D762737D3DA00609927 /* MoviesWithDataTests.xctest */;
			productType = "com.apple.product-type.bundle.unit-test";
		};
		E8E27D7F2737D3DA00609927 /* MoviesWithDataUITests */ = {
			isa = PBXNativeTarget;
			buildConfigurationList = E8E27D902737D3DA00609927 /* Build configuration list for PBXNativeTarget "MoviesWithDataUITests" */;
			buildPhases = (
				E8E27D7C2737D3DA00609927 /* Sources */,
				E8E27D7D2737D3DA00609927 /* Frameworks */,
				E8E27D7E2737D3DA00609927 /* Resources */,
			);
			buildRules = (
			);
			dependencies = (
				E8E27D822737D3DA00609927 /* PBXTargetDependency */,
			);
			name = MoviesWithDataUITests;
			productName = MoviesWithDataUITests;
			productReference = E8E27D802737D3DA00609927 /* MoviesWithDataUITests.xctest */;
			productType = "com.apple.product-type.bundle.ui-testing";
		};
/* End PBXNativeTarget section */

/* Begin PBXProject section */
		E8E27D502737D3D800609927 /* Project object */ = {
			isa = PBXProject;
			attributes = {
				BuildIndependentTargetsInParallel = 1;
				LastUpgradeCheck = 1300;
				TargetAttributes = {
					E8E27D572737D3D800609927 = {
						CreatedOnToolsVersion = 13.0;
					};
					E8E27D752737D3DA00609927 = {
						CreatedOnToolsVersion = 13.0;
						TestTargetID = E8E27D572737D3D800609927;
					};
					E8E27D7F2737D3DA00609927 = {
						CreatedOnToolsVersion = 13.0;
						TestTargetID = E8E27D572737D3D800609927;
					};
				};
			};
			buildConfigurationList = E8E27D532737D3D800609927 /* Build configuration list for PBXProject "MoviesWithData" */;
			compatibilityVersion = "Xcode 13.0";
			developmentRegion = en;
			hasScannedForEncodings = 0;
			knownRegions = (
				en,
				Base,
			);
			mainGroup = E8E27D4F2737D3D800609927;
			productRefGroup = E8E27D592737D3D800609927 /* Products */;
			projectDirPath = "";
			projectRoot = "";
			targets = (
				E8E27D572737D3D800609927 /* MoviesWithData */,
				E8E27D752737D3DA00609927 /* MoviesWithDataTests */,
				E8E27D7F2737D3DA00609927 /* MoviesWithDataUITests */,
			);
		};
/* End PBXProject section */

/* Begin PBXResourcesBuildPhase section */
		E8E27D562737D3D800609927 /* Resources */ = {
			isa = PBXResourcesBuildPhase;
			buildActionMask = 2147483647;
			files = (
				E8E27D6E2737D3DA00609927 /* LaunchScreen.storyboard in Resources */,
				E8E27D6B2737D3DA00609927 /* Assets.xcassets in Resources */,
				E8E27D662737D3D800609927 /* Main.storyboard in Resources */,
			);
			runOnlyForDeploymentPostprocessing = 0;
		};
		E8E27D742737D3DA00609927 /* Resources */ = {
			isa = PBXResourcesBuildPhase;
			buildActionMask = 2147483647;
			files = (
			);
			runOnlyForDeploymentPostprocessing = 0;
		};
		E8E27D7E2737D3DA00609927 /* Resources */ = {
			isa = PBXResourcesBuildPhase;
			buildActionMask = 2147483647;
			files = (
			);
			runOnlyForDeploymentPostprocessing = 0;
		};
/* End PBXResourcesBuildPhase section */

/* Begin PBXSourcesBuildPhase section */
		E8E27D542737D3D800609927 /* Sources */ = {
			isa = PBXSourcesBuildPhase;
			buildActionMask = 2147483647;
			files = (
				E8E27D712737D3DA00609927 /* main.m in Sources */,
				E8E27D692737D3D800609927 /* MoviesWithData.xcdatamodeld in Sources */,
				E8E27D632737D3D800609927 /* ViewController.m in Sources */,
				E8E27D5D2737D3D800609927 /* AppDelegate.m in Sources */,
				E8E27D602737D3D800609927 /* SceneDelegate.m in Sources */,
			);
			runOnlyForDeploymentPostprocessing = 0;
		};
		E8E27D722737D3DA00609927 /* Sources */ = {
			isa = PBXSourcesBuildPhase;
			buildActionMask = 2147483647;
			files = (
				E8E27D7B2737D3DA00609927 /* MoviesWithDataTests.m in Sources */,
			);
			runOnlyForDeploymentPostprocessing = 0;
		};
		E8E27D7C2737D3DA00609927 /* Sources */ = {
			isa = PBXSourcesBuildPhase;
			buildActionMask = 2147483647;
			files = (
				E8E27D852737D3DA00609927 /* MoviesWithDataUITests.m in Sources */,
				E8E27D872737D3DA00609927 /* MoviesWithDataUITestsLaunchTests.m in Sources */,
			);
			runOnlyForDeploymentPostprocessing = 0;
		};
/* End PBXSourcesBuildPhase section */

/* Begin PBXTargetDependency section */
		E8E27D782737D3DA00609927 /* PBXTargetDependency */ = {
			isa = PBXTargetDependency;
			target = E8E27D572737D3D800609927 /* MoviesWithData */;
			targetProxy = E8E27D772737D3DA00609927 /* PBXContainerItemProxy */;
		};
		E8E27D822737D3DA00609927 /* PBXTargetDependency */ = {
			isa = PBXTargetDependency;
			target = E8E27D572737D3D800609927 /* MoviesWithData */;
			targetProxy = E8E27D812737D3DA00609927 /* PBXContainerItemProxy */;
		};
/* End PBXTargetDependency section */

/* Begin PBXVariantGroup section */
		E8E27D642737D3D800609927 /* Main.storyboard */ = {
			isa = PBXVariantGroup;
			children = (
				E8E27D652737D3D800609927 /* Base */,
			);
			name = Main.storyboard;
			sourceTree = "<group>";
		};
		E8E27D6C2737D3DA00609927 /* LaunchScreen.storyboard */ = {
			isa = PBXVariantGroup;
			children = (
				E8E27D6D2737D3DA00609927 /* Base */,
			);
			name = LaunchScreen.storyboard;
			sourceTree = "<group>";
		};
/* End PBXVariantGroup section */

/* Begin XCBuildConfiguration section */
		E8E27D882737D3DA00609927 /* Debug */ = {
			isa = XCBuildConfiguration;
			buildSettings = {
				ALWAYS_SEARCH_USER_PATHS = NO;
				CLANG_ANALYZER_NONNULL = YES;
				CLANG_ANALYZER_NUMBER_OBJECT_CONVERSION = YES_AGGRESSIVE;
				CLANG_CXX_LANGUAGE_STANDARD = "gnu++17";
				CLANG_CXX_LIBRARY = "libc++";
				CLANG_ENABLE_MODULES = YES;
				CLANG_ENABLE_OBJC_ARC = YES;
				CLANG_ENABLE_OBJC_WEAK = YES;
				CLANG_WARN_BLOCK_CAPTURE_AUTORELEASING = YES;
				CLANG_WARN_BOOL_CONVERSION = YES;
				CLANG_WARN_COMMA = YES;
				CLANG_WARN_CONSTANT_CONVERSION = YES;
				CLANG_WARN_DEPRECATED_OBJC_IMPLEMENTATIONS = YES;
				CLANG_WARN_DIRECT_OBJC_ISA_USAGE = YES_ERROR;
				CLANG_WARN_DOCUMENTATION_COMMENTS = YES;
				CLANG_WARN_EMPTY_BODY = YES;
				CLANG_WARN_ENUM_CONVERSION = YES;
				CLANG_WARN_INFINITE_RECURSION = YES;
				CLANG_WARN_INT_CONVERSION = YES;
				CLANG_WARN_NON_LITERAL_NULL_CONVERSION = YES;
				CLANG_WARN_OBJC_IMPLICIT_RETAIN_SELF = YES;
				CLANG_WARN_OBJC_LITERAL_CONVERSION = YES;
				CLANG_WARN_OBJC_ROOT_CLASS = YES_ERROR;
				CLANG_WARN_QUOTED_INCLUDE_IN_FRAMEWORK_HEADER = YES;
				CLANG_WARN_RANGE_LOOP_ANALYSIS = YES;
				CLANG_WARN_STRICT_PROTOTYPES = YES;
				CLANG_WARN_SUSPICIOUS_MOVE = YES;
				CLANG_WARN_UNGUARDED_AVAILABILITY = YES_AGGRESSIVE;
				CLANG_WARN_UNREACHABLE_CODE = YES;
				CLANG_WARN__DUPLICATE_METHOD_MATCH = YES;
				COPY_PHASE_STRIP = NO;
				DEBUG_INFORMATION_FORMAT = dwarf;
				ENABLE_STRICT_OBJC_MSGSEND = YES;
				ENABLE_TESTABILITY = YES;
				GCC_C_LANGUAGE_STANDARD = gnu11;
				GCC_DYNAMIC_NO_PIC = NO;
				GCC_NO_COMMON_BLOCKS = YES;
				GCC_OPTIMIZATION_LEVEL = 0;
				GCC_PREPROCESSOR_DEFINITIONS = (
					"DEBUG=1",
					"$(inherited)",
				);
				GCC_WARN_64_TO_32_BIT_CONVERSION = YES;
				GCC_WARN_ABOUT_RETURN_TYPE = YES_ERROR;
				GCC_WARN_UNDECLARED_SELECTOR = YES;
				GCC_WARN_UNINITIALIZED_AUTOS = YES_AGGRESSIVE;
				GCC_WARN_UNUSED_FUNCTION = YES;
				GCC_WARN_UNUSED_VARIABLE = YES;
				IPHONEOS_DEPLOYMENT_TARGET = 15.0;
				MTL_ENABLE_DEBUG_INFO = INCLUDE_SOURCE;
				MTL_FAST_MATH = YES;
				ONLY_ACTIVE_ARCH = YES;
				SDKROOT = iphoneos;
			};
			name = Debug;
		};
		E8E27D892737D3DA00609927 /* Release */ = {
			isa = XCBuildConfiguration;
			buildSettings = {
				ALWAYS_SEARCH_USER_PATHS = NO;
				CLANG_ANALYZER_NONNULL = YES;
				CLANG_ANALYZER_NUMBER_OBJECT_CONVERSION = YES_AGGRESSIVE;
				CLANG_CXX_LANGUAGE_STANDARD = "gnu++17";
				CLANG_CXX_LIBRARY = "libc++";
				CLANG_ENABLE_MODULES = YES;
				CLANG_ENABLE_OBJC_ARC = YES;
				CLANG_ENABLE_OBJC_WEAK = YES;
				CLANG_WARN_BLOCK_CAPTURE_AUTORELEASING = YES;
				CLANG_WARN_BOOL_CONVERSION = YES;
				CLANG_WARN_COMMA = YES;
				CLANG_WARN_CONSTANT_CONVERSION = YES;
				CLANG_WARN_DEPRECATED_OBJC_IMPLEMENTATIONS = YES;
				CLANG_WARN_DIRECT_OBJC_ISA_USAGE = YES_ERROR;
				CLANG_WARN_DOCUMENTATION_COMMENTS = YES;
				CLANG_WARN_EMPTY_BODY = YES;
				CLANG_WARN_ENUM_CONVERSION = YES;
				CLANG_WARN_INFINITE_RECURSION = YES;
				CLANG_WARN_INT_CONVERSION = YES;
				CLANG_WARN_NON_LITERAL_NULL_CONVERSION = YES;
				CLANG_WARN_OBJC_IMPLICIT_RETAIN_SELF = YES;
				CLANG_WARN_OBJC_LITERAL_CONVERSION = YES;
				CLANG_WARN_OBJC_ROOT_CLASS = YES_ERROR;
				CLANG_WARN_QUOTED_INCLUDE_IN_FRAMEWORK_HEADER = YES;
				CLANG_WARN_RANGE_LOOP_ANALYSIS = YES;
				CLANG_WARN_STRICT_PROTOTYPES = YES;
				CLANG_WARN_SUSPICIOUS_MOVE = YES;
				CLANG_WARN_UNGUARDED_AVAILABILITY = YES_AGGRESSIVE;
				CLANG_WARN_UNREACHABLE_CODE = YES;
				CLANG_WARN__DUPLICATE_METHOD_MATCH = YES;
				COPY_PHASE_STRIP = NO;
				DEBUG_INFORMATION_FORMAT = "dwarf-with-dsym";
				ENABLE_NS_ASSERTIONS = NO;
				ENABLE_STRICT_OBJC_MSGSEND = YES;
				GCC_C_LANGUAGE_STANDARD = gnu11;
				GCC_NO_COMMON_BLOCKS = YES;
				GCC_WARN_64_TO_32_BIT_CONVERSION = YES;
				GCC_WARN_ABOUT_RETURN_TYPE = YES_ERROR;
				GCC_WARN_UNDECLARED_SELECTOR = YES;
				GCC_WARN_UNINITIALIZED_AUTOS = YES_AGGRESSIVE;
				GCC_WARN_UNUSED_FUNCTION = YES;
				GCC_WARN_UNUSED_VARIABLE = YES;
				IPHONEOS_DEPLOYMENT_TARGET = 15.0;
				MTL_ENABLE_DEBUG_INFO = NO;
				MTL_FAST_MATH = YES;
				SDKROOT = iphoneos;
				VALIDATE_PRODUCT = YES;
			};
			name = Release;
		};
		E8E27D8B2737D3DA00609927 /* Debug */ = {
			isa = XCBuildConfiguration;
			buildSettings = {
				ASSETCATALOG_COMPILER_APPICON_NAME = AppIcon;
				ASSETCATALOG_COMPILER_GLOBAL_ACCENT_COLOR_NAME = AccentColor;
				CODE_SIGN_STYLE = Automatic;
				CURRENT_PROJECT_VERSION = 1;
				GENERATE_INFOPLIST_FILE = YES;
				INFOPLIST_FILE = MoviesWithData/Info.plist;
				INFOPLIST_KEY_UIApplicationSupportsIndirectInputEvents = YES;
				INFOPLIST_KEY_UILaunchStoryboardName = LaunchScreen;
				INFOPLIST_KEY_UIMainStoryboardFile = Main;
				INFOPLIST_KEY_UISupportedInterfaceOrientations_iPad = "UIInterfaceOrientationPortrait UIInterfaceOrientationPortraitUpsideDown UIInterfaceOrientationLandscapeLeft UIInterfaceOrientationLandscapeRight";
				INFOPLIST_KEY_UISupportedInterfaceOrientations_iPhone = "UIInterfaceOrientationPortrait UIInterfaceOrientationLandscapeLeft UIInterfaceOrientationLandscapeRight";
				LD_RUNPATH_SEARCH_PATHS = (
					"$(inherited)",
					"@executable_path/Frameworks",
				);
				MARKETING_VERSION = 1.0;
				PRODUCT_BUNDLE_IDENTIFIER = net.inmanage.MoviesWithData;
				PRODUCT_NAME = "$(TARGET_NAME)";
				SWIFT_EMIT_LOC_STRINGS = YES;
				TARGETED_DEVICE_FAMILY = "1,2";
			};
			name = Debug;
		};
		E8E27D8C2737D3DA00609927 /* Release */ = {
			isa = XCBuildConfiguration;
			buildSettings = {
				ASSETCATALOG_COMPILER_APPICON_NAME = AppIcon;
				ASSETCATALOG_COMPILER_GLOBAL_ACCENT_COLOR_NAME = AccentColor;
				CODE_SIGN_STYLE = Automatic;
				CURRENT_PROJECT_VERSION = 1;
				GENERATE_INFOPLIST_FILE = YES;
				INFOPLIST_FILE = MoviesWithData/Info.plist;
				INFOPLIST_KEY_UIApplicationSupportsIndirectInputEvents = YES;
				INFOPLIST_KEY_UILaunchStoryboardName = LaunchScreen;
				INFOPLIST_KEY_UIMainStoryboardFile = Main;
				INFOPLIST_KEY_UISupportedInterfaceOrientations_iPad = "UIInterfaceOrientationPortrait UIInterfaceOrientationPortraitUpsideDown UIInterfaceOrientationLandscapeLeft UIInterfaceOrientationLandscapeRight";
				INFOPLIST_KEY_UISupportedInterfaceOrientations_iPhone = "UIInterfaceOrientationPortrait UIInterfaceOrientationLandscapeLeft UIInterfaceOrientationLandscapeRight";
				LD_RUNPATH_SEARCH_PATHS = (
					"$(inherited)",
					"@executable_path/Frameworks",
				);
				MARKETING_VERSION = 1.0;
				PRODUCT_BUNDLE_IDENTIFIER = net.inmanage.MoviesWithData;
				PRODUCT_NAME = "$(TARGET_NAME)";
				SWIFT_EMIT_LOC_STRINGS = YES;
				TARGETED_DEVICE_FAMILY = "1,2";
			};
			name = Release;
		};
		E8E27D8E2737D3DA00609927 /* Debug */ = {
			isa = XCBuildConfiguration;
			buildSettings = {
				BUNDLE_LOADER = "$(TEST_HOST)";
				CODE_SIGN_STYLE = Automatic;
				CURRENT_PROJECT_VERSION = 1;
				GENERATE_INFOPLIST_FILE = YES;
				IPHONEOS_DEPLOYMENT_TARGET = 15.0;
				LD_RUNPATH_SEARCH_PATHS = (
					"$(inherited)",
					"@executable_path/Frameworks",
					"@loader_path/Frameworks",
				);
				MARKETING_VERSION = 1.0;
				PRODUCT_BUNDLE_IDENTIFIER = net.inmanage.MoviesWithDataTests;
				PRODUCT_NAME = "$(TARGET_NAME)";
				SWIFT_EMIT_LOC_STRINGS = NO;
				TARGETED_DEVICE_FAMILY = "1,2";
				TEST_HOST = "$(BUILT_PRODUCTS_DIR)/MoviesWithData.app/MoviesWithData";
			};
			name = Debug;
		};
		E8E27D8F2737D3DA00609927 /* Release */ = {
			isa = XCBuildConfiguration;
			buildSettings = {
				BUNDLE_LOADER = "$(TEST_HOST)";
				CODE_SIGN_STYLE = Automatic;
				CURRENT_PROJECT_VERSION = 1;
				GENERATE_INFOPLIST_FILE = YES;
				IPHONEOS_DEPLOYMENT_TARGET = 15.0;
				LD_RUNPATH_SEARCH_PATHS = (
					"$(inherited)",
					"@executable_path/Frameworks",
					"@loader_path/Frameworks",
				);
				MARKETING_VERSION = 1.0;
				PRODUCT_BUNDLE_IDENTIFIER = net.inmanage.MoviesWithDataTests;
				PRODUCT_NAME = "$(TARGET_NAME)";
				SWIFT_EMIT_LOC_STRINGS = NO;
				TARGETED_DEVICE_FAMILY = "1,2";
				TEST_HOST = "$(BUILT_PRODUCTS_DIR)/MoviesWithData.app/MoviesWithData";
			};
			name = Release;
		};
		E8E27D912737D3DA00609927 /* Debug */ = {
			isa = XCBuildConfiguration;
			buildSettings = {
				CODE_SIGN_STYLE = Automatic;
				CURRENT_PROJECT_VERSION = 1;
				GENERATE_INFOPLIST_FILE = YES;
				LD_RUNPATH_SEARCH_PATHS = (
					"$(inherited)",
					"@executable_path/Frameworks",
					"@loader_path/Frameworks",
				);
				MARKETING_VERSION = 1.0;
				PRODUCT_BUNDLE_IDENTIFIER = net.inmanage.MoviesWithDataUITests;
				PRODUCT_NAME = "$(TARGET_NAME)";
				SWIFT_EMIT_LOC_STRINGS = NO;
				TARGETED_DEVICE_FAMILY = "1,2";
				TEST_TARGET_NAME = MoviesWithData;
			};
			name = Debug;
		};
		E8E27D922737D3DA00609927 /* Release */ = {
			isa = XCBuildConfiguration;
			buildSettings = {
				CODE_SIGN_STYLE = Automatic;
				CURRENT_PROJECT_VERSION = 1;
				GENERATE_INFOPLIST_FILE = YES;
				LD_RUNPATH_SEARCH_PATHS = (
					"$(inherited)",
					"@executable_path/Frameworks",
					"@loader_path/Frameworks",
				);
				MARKETING_VERSION = 1.0;
				PRODUCT_BUNDLE_IDENTIFIER = net.inmanage.MoviesWithDataUITests;
				PRODUCT_NAME = "$(TARGET_NAME)";
				SWIFT_EMIT_LOC_STRINGS = NO;
				TARGETED_DEVICE_FAMILY = "1,2";
				TEST_TARGET_NAME = MoviesWithData;
			};
			name = Release;
		};
/* End XCBuildConfiguration section */

/* Begin XCConfigurationList section */
		E8E27D532737D3D800609927 /* Build configuration list for PBXProject "MoviesWithData" */ = {
			isa = XCConfigurationList;
			buildConfigurations = (
				E8E27D882737D3DA00609927 /* Debug */,
				E8E27D892737D3DA00609927 /* Release */,
			);
			defaultConfigurationIsVisible = 0;
			defaultConfigurationName = Release;
		};
		E8E27D8A2737D3DA00609927 /* Build configuration list for PBXNativeTarget "MoviesWithData" */ = {
			isa = XCConfigurationList;
			buildConfigurations = (
				E8E27D8B2737D3DA00609927 /* Debug */,
				E8E27D8C2737D3DA00609927 /* Release */,
			);
			defaultConfigurationIsVisible = 0;
			defaultConfigurationName = Release;
		};
		E8E27D8D2737D3DA00609927 /* Build configuration list for PBXNativeTarget "MoviesWithDataTests" */ = {
			isa = XCConfigurationList;
			buildConfigurations = (
				E8E27D8E2737D3DA00609927 /* Debug */,
				E8E27D8F2737D3DA00609927 /* Release */,
			);
			defaultConfigurationIsVisible = 0;
			defaultConfigurationName = Release;
		};
		E8E27D902737D3DA00609927 /* Build configuration list for PBXNativeTarget "MoviesWithDataUITests" */ = {
			isa = XCConfigurationList;
			buildConfigurations = (
				E8E27D912737D3DA00609927 /* Debug */,
				E8E27D922737D3DA00609927 /* Release */,
			);
			defaultConfigurationIsVisible = 0;
			defaultConfigurationName = Release;
		};
/* End XCConfigurationList section */

/* Begin XCVersionGroup section */
		E8E27D672737D3D800609927 /* MoviesWithData.xcdatamodeld */ = {
			isa = XCVersionGroup;
			children = (
				E8E27D682737D3D800609927 /* MoviesWithData.xcdatamodel */,
			);
			currentVersion = E8E27D682737D3D800609927 /* MoviesWithData.xcdatamodel */;
			path = MoviesWithData.xcdatamodeld;
			sourceTree = "<group>";
			versionGroupType = wrapper.xcdatamodel;
		};
/* End XCVersionGroup section */
	};
	rootObject = E8E27D502737D3D800609927 /* Project object */;
}
